
Microsoft Visual Studio Solution File, Format Version 12.00
# Visual Studio Version 16
VisualStudioVersion = 16.0.30204.135
MinimumVisualStudioVersion = 10.0.40219.1
Project("{FAE04EC0-301F-11D3-BF4B-00C04F79EFBC}") = "Oc6RunOnAzure", "Oc6RunOnAzure\Oc6RunOnAzure.csproj", "{527BFA35-0D0E-482E-9BF5-D6DC8CD2FA16}"
EndProject
Global
	GlobalSection(SolutionConfigurationPlatforms) = preSolution
		Debug|Any CPU = Debug|Any CPU
		Release|Any CPU = Release|Any CPU
	EndGlobalSection
	GlobalSection(ProjectConfigurationPlatforms) = postSolution
		{527BFA35-0D0E-482E-9BF5-D6DC8CD2FA16}.Debug|Any CPU.ActiveCfg = Debug|Any CPU
		{527BFA35-0D0E-482E-9BF5-D6DC8CD2FA16}.Debug|Any CPU.Build.0 = Debug|Any CPU
		{527BFA35-0D0E-482E-9BF5-D6DC8CD2FA16}.Release|Any CPU.ActiveCfg = Release|Any CPU
		{527BFA35-0D0E-482E-9BF5-D6DC8CD2FA16}.Release|Any CPU.Build.0 = Release|Any CPU
	EndGlobalSection
	GlobalSection(SolutionProperties) = preSolution
		HideSolutionNode = FALSE
	EndGlobalSection
	GlobalSection(ExtensibilityGlobals) = postSolution
		SolutionGuid = {DEAEDE14-5EEC-4113-AF01-752F734E3062}
	EndGlobalSection
EndGlobal
